{
  "name": "enhanced-css-processor",
  "version": "0.0.1",
  "lockfileVersion": 1,
  "requires": true,
  "dependencies": {
    "@types/color-name": {
      "version": "1.1.1",
      "resolved": "https://registry.npmjs.org/@types/color-name/-/color-name-1.1.1.tgz",
      "integrity": "sha512-rr+OQyAjxze7GgWrSaJwydHStIhHq2lvY3BOC2Mj7KnzI7XK0Uw1TOOdI9lDoajEbSWLiYgoo4f1R51erQfhPQ=="
    },
    "ansi-styles": {
      "version": "4.2.1",
      "resolved": "https://registry.npmjs.org/ansi-styles/-/ansi-styles-4.2.1.tgz",
      "integrity": "sha512-9VGjrMsG1vePxcSweQsN20KY/c4zN0h9fLjqAbwbPfahM3t+NL+M9HC8xeXG2I8pX5NoamTGNuomEUFI7fcUjA==",
      "requires": {
        "@types/color-name": "^1.1.1",
        "color-convert": "^2.0.1"
      }
    },
    "atob": {
      "version": "2.1.2",
      "resolved": "https://registry.npmjs.org/atob/-/atob-2.1.2.tgz",
      "integrity": "sha512-Wm6ukoaOGJi/73p/cl2GvLjTI5JM1k/O14isD73YML8StrH/7/lRFgmg8nICZgD3bZZvjwCGxtMOD3wWNAu8cg=="
    },
    "chalk": {
      "version": "4.1.0",
      "resolved": "https://registry.npmjs.org/chalk/-/chalk-4.1.0.tgz",
      "integrity": "sha512-qwx12AxXe2Q5xQ43Ac//I6v5aXTipYrSESdOgzrN+9XjgEpyjpKuvSGaN4qE93f7TQTlerQQ8S+EQ0EyDoVL1A==",
      "requires": {
        "ansi-styles": "^4.1.0",
        "supports-color": "^7.1.0"
      }
    },
    "color-convert": {
      "version": "2.0.1",
      "resolved": "https://registry.npmjs.org/color-convert/-/color-convert-2.0.1.tgz",
      "integrity": "sha512-RRECPsj7iu/xb5oKYcsFHSppFNnsj/52OVTRKb4zP5onXwVF3zVmmToNcOfGC+CRDpfK/U584fMg38ZHCaElKQ==",
      "requires": {
        "color-name": "~1.1.4"
      }
    },
    "color-name": {
      "version": "1.1.4",
      "resolved": "https://registry.npmjs.org/color-name/-/color-name-1.1.4.tgz",
      "integrity": "sha512-dOy+3AuW3a2wNbZHIuMZpTcgjGuLU/uBL/ubcZF9OXbDo8ff4O8yVp5Bf0efS8uEoYo5q4Fx7dY9OgQGXgAsQA=="
    },
    "commander": {
      "version": "6.0.0",
      "resolved": "https://registry.npmjs.org/commander/-/commander-6.0.0.tgz",
      "integrity": "sha512-s7EA+hDtTYNhuXkTlhqew4txMZVdszBmKWSPEMxGr8ru8JXR7bLUFIAtPhcSuFdJQ0ILMxnJi8GkQL0yvDy/YA=="
    },
    "css": {
      "version": "3.0.0",
      "resolved": "https://registry.npmjs.org/css/-/css-3.0.0.tgz",
      "integrity": "sha512-DG9pFfwOrzc+hawpmqX/dHYHJG+Bsdb0klhyi1sDneOgGOXy9wQIC8hzyVp1e4NRYDBdxcylvywPkkXCHAzTyQ==",
      "requires": {
        "inherits": "^2.0.4",
        "source-map": "^0.6.1",
        "source-map-resolve": "^0.6.0"
      }
    },
    "css-ast-iterations": {
      "version": "0.5.0",
      "resolved": "https://registry.npmjs.org/css-ast-iterations/-/css-ast-iterations-0.5.0.tgz",
      "integrity": "sha1-5K6hhPOYrIoVVA4lEYPOrdmszzg=",
      "requires": {
        "css": "^2.2.1"
      },
      "dependencies": {
        "css": {
          "version": "2.2.4",
          "resolved": "https://registry.npmjs.org/css/-/css-2.2.4.tgz",
          "integrity": "sha512-oUnjmWpy0niI3x/mPL8dVEI1l7MnG3+HHyRPHf+YFSbK+svOhXpmSOcDURUh2aOCgl2grzrOPt1nHLuCVFULLw==",
          "requires": {
            "inherits": "^2.0.3",
            "source-map": "^0.6.1",
            "source-map-resolve": "^0.5.2",
            "urix": "^0.1.0"
          }
        },
        "source-map-resolve": {
          "version": "0.5.3",
          "resolved": "https://registry.npmjs.org/source-map-resolve/-/source-map-resolve-0.5.3.tgz",
          "integrity": "sha512-Htz+RnsXWk5+P2slx5Jh3Q66vhQj1Cllm0zvnaY98+NFx+Dv2CF/f5O/t8x+KaNdrdIAsruNzoh/KpialbqAnw==",
          "requires": {
            "atob": "^2.1.2",
            "decode-uri-component": "^0.2.0",
            "resolve-url": "^0.2.1",
            "source-map-url": "^0.4.0",
            "urix": "^0.1.0"
          }
        }
      }
    },
    "decode-uri-component": {
      "version": "0.2.0",
      "resolved": "https://registry.npmjs.org/decode-uri-component/-/decode-uri-component-0.2.0.tgz",
      "integrity": "sha1-6zkTMzRYd1y4TNGh+uBiEGu4dUU="
    },
    "has-flag": {
      "version": "4.0.0",
      "resolved": "https://registry.npmjs.org/has-flag/-/has-flag-4.0.0.tgz",
      "integrity": "sha512-EykJT/Q1KjTWctppgIAgfSO0tKVuZUjhgMr17kqTumMl6Afv3EISleU7qZUzoXDFTAHTDC4NOoG/ZxU3EvlMPQ=="
    },
    "inherits": {
      "version": "2.0.4",
      "resolved": "https://registry.npmjs.org/inherits/-/inherits-2.0.4.tgz",
      "integrity": "sha512-k/vGaX4/Yla3WzyMCvTQOXYeIHvqOKtnqBduzTHpzpQZzAskKMhZ2K+EnBiSM9zGSoIFeMpXKxa4dYeZIQqewQ=="
    },
    "resolve-url": {
      "version": "0.2.1",
      "resolved": "https://registry.npmjs.org/resolve-url/-/resolve-url-0.2.1.tgz",
      "integrity": "sha1-LGN/53yJOv0qZj/iGqkIAGjiBSo="
    },
    "source-map": {
      "version": "0.6.1",
      "resolved": "https://registry.npmjs.org/source-map/-/source-map-0.6.1.tgz",
      "integrity": "sha512-UjgapumWlbMhkBgzT7Ykc5YXUT46F0iKu8SGXq0bcwP5dz/h0Plj6enJqjz1Zbq2l5WaqYnrVbwWOWMyF3F47g=="
    },
    "source-map-resolve": {
      "version": "0.6.0",
      "resolved": "https://registry.npmjs.org/source-map-resolve/-/source-map-resolve-0.6.0.tgz",
      "integrity": "sha512-KXBr9d/fO/bWo97NXsPIAW1bFSBOuCnjbNTBMO7N59hsv5i9yzRDfcYwwt0l04+VqnKC+EwzvJZIP/qkuMgR/w==",
      "requires": {
        "atob": "^2.1.2",
        "decode-uri-component": "^0.2.0"
      }
    },
    "source-map-url": {
      "version": "0.4.0",
      "resolved": "https://registry.npmjs.org/source-map-url/-/source-map-url-0.4.0.tgz",
      "integrity": "sha1-PpNdfd1zYxuXZZlW1VEo6HtQhKM="
    },
    "supports-color": {
      "version": "7.1.0",
      "resolved": "https://registry.npmjs.org/supports-color/-/supports-color-7.1.0.tgz",
      "integrity": "sha512-oRSIpR8pxT1Wr2FquTNnGet79b3BWljqOuoW/h4oBhxJ/HUbX5nX6JSruTkvXDCFMwDPvsaTTbvMLKZWSy0R5g==",
      "requires": {
        "has-flag": "^4.0.0"
      }
    },
    "urix": {
      "version": "0.1.0",
      "resolved": "https://registry.npmjs.org/urix/-/urix-0.1.0.tgz",
      "integrity": "sha1-2pN/emLiH+wf0Y1Js1wpNQZ6bHI="
    }
  }
}
